
Microsoft Visual Studio Solution File, Format Version 12.00
# Visual Studio 15
VisualStudioVersion = 15.0.25807.0
MinimumVisualStudioVersion = 10.0.40219.1
Project("{2150E333-8FDC-42A3-9474-1A3956D46DE8}") = "Engine", "Engine", "{9AE08570-D642-4F2A-88F2-110617C2F0BF}"
EndProject
Project("{2150E333-8FDC-42A3-9474-1A3956D46DE8}") = "Games", "Games", "{EE7065BC-53C3-41F5-AB8C-9EE8E4329D26}"
EndProject
Project("{8BC9CEB8-8B4A-11D0-8D11-00A0C91BC942}") = "UE4", "Intermediate\ProjectFiles\UE4.vcxproj", "{D3D949CA-6A15-44FF-96EF-81622BF2B3EE}"
EndProject
Project("{8BC9CEB8-8B4A-11D0-8D11-00A0C91BC942}") = "SoulcaliburVI", "Intermediate\ProjectFiles\SoulcaliburVI.vcxproj", "{DA9DD951-0189-4A8E-B345-06C7138C6EE9}"
EndProject
Global
	GlobalSection(SolutionConfigurationPlatforms) = preSolution
		DebugGame Editor|Win32 = DebugGame Editor|Win32
		DebugGame Editor|Win64 = DebugGame Editor|Win64
		DebugGame|Win32 = DebugGame|Win32
		DebugGame|Win64 = DebugGame|Win64
		Development Editor|Win32 = Development Editor|Win32
		Development Editor|Win64 = Development Editor|Win64
		Development|Win32 = Development|Win32
		Development|Win64 = Development|Win64
		Shipping|Win32 = Shipping|Win32
		Shipping|Win64 = Shipping|Win64
	EndGlobalSection
	GlobalSection(ProjectConfigurationPlatforms) = postSolution
		{D3D949CA-6A15-44FF-96EF-81622BF2B3EE}.DebugGame Editor|Win32.ActiveCfg = BuiltWithUnrealBuildTool|Win32
		{D3D949CA-6A15-44FF-96EF-81622BF2B3EE}.DebugGame Editor|Win32.Build.0 = BuiltWithUnrealBuildTool|Win32
		{D3D949CA-6A15-44FF-96EF-81622BF2B3EE}.DebugGame Editor|Win64.ActiveCfg = BuiltWithUnrealBuildTool|Win32
		{D3D949CA-6A15-44FF-96EF-81622BF2B3EE}.DebugGame Editor|Win64.Build.0 = BuiltWithUnrealBuildTool|Win32
		{D3D949CA-6A15-44FF-96EF-81622BF2B3EE}.DebugGame|Win32.ActiveCfg = BuiltWithUnrealBuildTool|Win32
		{D3D949CA-6A15-44FF-96EF-81622BF2B3EE}.DebugGame|Win32.Build.0 = BuiltWithUnrealBuildTool|Win32
		{D3D949CA-6A15-44FF-96EF-81622BF2B3EE}.DebugGame|Win64.ActiveCfg = BuiltWithUnrealBuildTool|Win32
		{D3D949CA-6A15-44FF-96EF-81622BF2B3EE}.DebugGame|Win64.Build.0 = BuiltWithUnrealBuildTool|Win32
		{D3D949CA-6A15-44FF-96EF-81622BF2B3EE}.Development Editor|Win32.ActiveCfg = BuiltWithUnrealBuildTool|Win32
		{D3D949CA-6A15-44FF-96EF-81622BF2B3EE}.Development Editor|Win32.Build.0 = BuiltWithUnrealBuildTool|Win32
		{D3D949CA-6A15-44FF-96EF-81622BF2B3EE}.Development Editor|Win64.ActiveCfg = BuiltWithUnrealBuildTool|Win32
		{D3D949CA-6A15-44FF-96EF-81622BF2B3EE}.Development Editor|Win64.Build.0 = BuiltWithUnrealBuildTool|Win32
		{D3D949CA-6A15-44FF-96EF-81622BF2B3EE}.Development|Win32.ActiveCfg = BuiltWithUnrealBuildTool|Win32
		{D3D949CA-6A15-44FF-96EF-81622BF2B3EE}.Development|Win32.Build.0 = BuiltWithUnrealBuildTool|Win32
		{D3D949CA-6A15-44FF-96EF-81622BF2B3EE}.Development|Win64.ActiveCfg = BuiltWithUnrealBuildTool|Win32
		{D3D949CA-6A15-44FF-96EF-81622BF2B3EE}.Development|Win64.Build.0 = BuiltWithUnrealBuildTool|Win32
		{D3D949CA-6A15-44FF-96EF-81622BF2B3EE}.Shipping|Win32.ActiveCfg = BuiltWithUnrealBuildTool|Win32
		{D3D949CA-6A15-44FF-96EF-81622BF2B3EE}.Shipping|Win32.Build.0 = BuiltWithUnrealBuildTool|Win32
		{D3D949CA-6A15-44FF-96EF-81622BF2B3EE}.Shipping|Win64.ActiveCfg = BuiltWithUnrealBuildTool|Win32
		{D3D949CA-6A15-44FF-96EF-81622BF2B3EE}.Shipping|Win64.Build.0 = BuiltWithUnrealBuildTool|Win32
		{DA9DD951-0189-4A8E-B345-06C7138C6EE9}.DebugGame Editor|Win32.ActiveCfg = DebugGame_Editor|Win32
		{DA9DD951-0189-4A8E-B345-06C7138C6EE9}.DebugGame Editor|Win64.ActiveCfg = DebugGame_Editor|x64
		{DA9DD951-0189-4A8E-B345-06C7138C6EE9}.DebugGame Editor|Win64.Build.0 = DebugGame_Editor|x64
		{DA9DD951-0189-4A8E-B345-06C7138C6EE9}.DebugGame|Win32.ActiveCfg = DebugGame_Game|Win32
		{DA9DD951-0189-4A8E-B345-06C7138C6EE9}.DebugGame|Win32.Build.0 = DebugGame_Game|Win32
		{DA9DD951-0189-4A8E-B345-06C7138C6EE9}.DebugGame|Win64.ActiveCfg = DebugGame_Game|x64
		{DA9DD951-0189-4A8E-B345-06C7138C6EE9}.DebugGame|Win64.Build.0 = DebugGame_Game|x64
		{DA9DD951-0189-4A8E-B345-06C7138C6EE9}.Development Editor|Win32.ActiveCfg = Development_Editor|Win32
		{DA9DD951-0189-4A8E-B345-06C7138C6EE9}.Development Editor|Win64.ActiveCfg = Development_Editor|x64
		{DA9DD951-0189-4A8E-B345-06C7138C6EE9}.Development Editor|Win64.Build.0 = Development_Editor|x64
		{DA9DD951-0189-4A8E-B345-06C7138C6EE9}.Development|Win32.ActiveCfg = Development_Game|Win32
		{DA9DD951-0189-4A8E-B345-06C7138C6EE9}.Development|Win32.Build.0 = Development_Game|Win32
		{DA9DD951-0189-4A8E-B345-06C7138C6EE9}.Development|Win64.ActiveCfg = Development_Game|x64
		{DA9DD951-0189-4A8E-B345-06C7138C6EE9}.Development|Win64.Build.0 = Development_Game|x64
		{DA9DD951-0189-4A8E-B345-06C7138C6EE9}.Shipping|Win32.ActiveCfg = Shipping_Game|Win32
		{DA9DD951-0189-4A8E-B345-06C7138C6EE9}.Shipping|Win32.Build.0 = Shipping_Game|Win32
		{DA9DD951-0189-4A8E-B345-06C7138C6EE9}.Shipping|Win64.ActiveCfg = Shipping_Game|x64
		{DA9DD951-0189-4A8E-B345-06C7138C6EE9}.Shipping|Win64.Build.0 = Shipping_Game|x64
	EndGlobalSection
	GlobalSection(SolutionProperties) = preSolution
		HideSolutionNode = FALSE
	EndGlobalSection
	GlobalSection(NestedProjects) = preSolution
		{D3D949CA-6A15-44FF-96EF-81622BF2B3EE} = {9AE08570-D642-4F2A-88F2-110617C2F0BF}
		{DA9DD951-0189-4A8E-B345-06C7138C6EE9} = {EE7065BC-53C3-41F5-AB8C-9EE8E4329D26}
	EndGlobalSection
	GlobalSection(ExtensibilityGlobals) = postSolution
		SolutionGuid = {B0FF27B8-6CE2-4080-98D8-49BBCB14065F}
	EndGlobalSection
EndGlobal
