
Microsoft Visual Studio Solution File, Format Version 12.00
# Visual Studio 15
VisualStudioVersion = 15.0.25807.0
MinimumVisualStudioVersion = 10.0.40219.1
Project("{2150E333-8FDC-42A3-9474-1A3956D46DE8}") = "Engine", "Engine", "{A9E7DCF6-26A1-4081-AA64-703779D065C2}"
EndProject
Project("{2150E333-8FDC-42A3-9474-1A3956D46DE8}") = "Games", "Games", "{C0769960-CF59-4EF2-B190-62EDC2F13D84}"
EndProject
Project("{8BC9CEB8-8B4A-11D0-8D11-00A0C91BC942}") = "UE4", "Intermediate\ProjectFiles\UE4.vcxproj", "{0491AF80-A1B5-42B9-BA68-B8730F739ACE}"
EndProject
Project("{8BC9CEB8-8B4A-11D0-8D11-00A0C91BC942}") = "SoulcaliburVI", "Intermediate\ProjectFiles\SoulcaliburVI.vcxproj", "{563BD531-9438-47FA-8B03-F3979173AE43}"
EndProject
Global
	GlobalSection(SolutionConfigurationPlatforms) = preSolution
		DebugGame Editor|HTML5 = DebugGame Editor|HTML5
		DebugGame Editor|Win32 = DebugGame Editor|Win32
		DebugGame Editor|Win64 = DebugGame Editor|Win64
		DebugGame|HTML5 = DebugGame|HTML5
		DebugGame|Win32 = DebugGame|Win32
		DebugGame|Win64 = DebugGame|Win64
		Development Editor|HTML5 = Development Editor|HTML5
		Development Editor|Win32 = Development Editor|Win32
		Development Editor|Win64 = Development Editor|Win64
		Development|HTML5 = Development|HTML5
		Development|Win32 = Development|Win32
		Development|Win64 = Development|Win64
		Shipping|HTML5 = Shipping|HTML5
		Shipping|Win32 = Shipping|Win32
		Shipping|Win64 = Shipping|Win64
	EndGlobalSection
	GlobalSection(ProjectConfigurationPlatforms) = postSolution
		{0491AF80-A1B5-42B9-BA68-B8730F739ACE}.DebugGame Editor|HTML5.ActiveCfg = BuiltWithUnrealBuildTool|Win32
		{0491AF80-A1B5-42B9-BA68-B8730F739ACE}.DebugGame Editor|HTML5.Build.0 = BuiltWithUnrealBuildTool|Win32
		{0491AF80-A1B5-42B9-BA68-B8730F739ACE}.DebugGame Editor|Win32.ActiveCfg = BuiltWithUnrealBuildTool|Win32
		{0491AF80-A1B5-42B9-BA68-B8730F739ACE}.DebugGame Editor|Win32.Build.0 = BuiltWithUnrealBuildTool|Win32
		{0491AF80-A1B5-42B9-BA68-B8730F739ACE}.DebugGame Editor|Win64.ActiveCfg = BuiltWithUnrealBuildTool|Win32
		{0491AF80-A1B5-42B9-BA68-B8730F739ACE}.DebugGame Editor|Win64.Build.0 = BuiltWithUnrealBuildTool|Win32
		{0491AF80-A1B5-42B9-BA68-B8730F739ACE}.DebugGame|HTML5.ActiveCfg = BuiltWithUnrealBuildTool|Win32
		{0491AF80-A1B5-42B9-BA68-B8730F739ACE}.DebugGame|HTML5.Build.0 = BuiltWithUnrealBuildTool|Win32
		{0491AF80-A1B5-42B9-BA68-B8730F739ACE}.DebugGame|Win32.ActiveCfg = BuiltWithUnrealBuildTool|Win32
		{0491AF80-A1B5-42B9-BA68-B8730F739ACE}.DebugGame|Win32.Build.0 = BuiltWithUnrealBuildTool|Win32
		{0491AF80-A1B5-42B9-BA68-B8730F739ACE}.DebugGame|Win64.ActiveCfg = BuiltWithUnrealBuildTool|Win32
		{0491AF80-A1B5-42B9-BA68-B8730F739ACE}.DebugGame|Win64.Build.0 = BuiltWithUnrealBuildTool|Win32
		{0491AF80-A1B5-42B9-BA68-B8730F739ACE}.Development Editor|HTML5.ActiveCfg = BuiltWithUnrealBuildTool|Win32
		{0491AF80-A1B5-42B9-BA68-B8730F739ACE}.Development Editor|HTML5.Build.0 = BuiltWithUnrealBuildTool|Win32
		{0491AF80-A1B5-42B9-BA68-B8730F739ACE}.Development Editor|Win32.ActiveCfg = BuiltWithUnrealBuildTool|Win32
		{0491AF80-A1B5-42B9-BA68-B8730F739ACE}.Development Editor|Win32.Build.0 = BuiltWithUnrealBuildTool|Win32
		{0491AF80-A1B5-42B9-BA68-B8730F739ACE}.Development Editor|Win64.ActiveCfg = BuiltWithUnrealBuildTool|Win32
		{0491AF80-A1B5-42B9-BA68-B8730F739ACE}.Development Editor|Win64.Build.0 = BuiltWithUnrealBuildTool|Win32
		{0491AF80-A1B5-42B9-BA68-B8730F739ACE}.Development|HTML5.ActiveCfg = BuiltWithUnrealBuildTool|Win32
		{0491AF80-A1B5-42B9-BA68-B8730F739ACE}.Development|HTML5.Build.0 = BuiltWithUnrealBuildTool|Win32
		{0491AF80-A1B5-42B9-BA68-B8730F739ACE}.Development|Win32.ActiveCfg = BuiltWithUnrealBuildTool|Win32
		{0491AF80-A1B5-42B9-BA68-B8730F739ACE}.Development|Win32.Build.0 = BuiltWithUnrealBuildTool|Win32
		{0491AF80-A1B5-42B9-BA68-B8730F739ACE}.Development|Win64.ActiveCfg = BuiltWithUnrealBuildTool|Win32
		{0491AF80-A1B5-42B9-BA68-B8730F739ACE}.Development|Win64.Build.0 = BuiltWithUnrealBuildTool|Win32
		{0491AF80-A1B5-42B9-BA68-B8730F739ACE}.Shipping|HTML5.ActiveCfg = BuiltWithUnrealBuildTool|Win32
		{0491AF80-A1B5-42B9-BA68-B8730F739ACE}.Shipping|HTML5.Build.0 = BuiltWithUnrealBuildTool|Win32
		{0491AF80-A1B5-42B9-BA68-B8730F739ACE}.Shipping|Win32.ActiveCfg = BuiltWithUnrealBuildTool|Win32
		{0491AF80-A1B5-42B9-BA68-B8730F739ACE}.Shipping|Win32.Build.0 = BuiltWithUnrealBuildTool|Win32
		{0491AF80-A1B5-42B9-BA68-B8730F739ACE}.Shipping|Win64.ActiveCfg = BuiltWithUnrealBuildTool|Win32
		{0491AF80-A1B5-42B9-BA68-B8730F739ACE}.Shipping|Win64.Build.0 = BuiltWithUnrealBuildTool|Win32
		{563BD531-9438-47FA-8B03-F3979173AE43}.DebugGame Editor|HTML5.ActiveCfg = HTML5_DebugGame_Editor|Win32
		{563BD531-9438-47FA-8B03-F3979173AE43}.DebugGame Editor|Win32.ActiveCfg = DebugGame_Editor|Win32
		{563BD531-9438-47FA-8B03-F3979173AE43}.DebugGame Editor|Win64.ActiveCfg = DebugGame_Editor|x64
		{563BD531-9438-47FA-8B03-F3979173AE43}.DebugGame Editor|Win64.Build.0 = DebugGame_Editor|x64
		{563BD531-9438-47FA-8B03-F3979173AE43}.DebugGame|HTML5.ActiveCfg = HTML5_DebugGame_Game|Win32
		{563BD531-9438-47FA-8B03-F3979173AE43}.DebugGame|HTML5.Build.0 = HTML5_DebugGame_Game|Win32
		{563BD531-9438-47FA-8B03-F3979173AE43}.DebugGame|Win32.ActiveCfg = DebugGame_Game|Win32
		{563BD531-9438-47FA-8B03-F3979173AE43}.DebugGame|Win32.Build.0 = DebugGame_Game|Win32
		{563BD531-9438-47FA-8B03-F3979173AE43}.DebugGame|Win64.ActiveCfg = DebugGame_Game|x64
		{563BD531-9438-47FA-8B03-F3979173AE43}.DebugGame|Win64.Build.0 = DebugGame_Game|x64
		{563BD531-9438-47FA-8B03-F3979173AE43}.Development Editor|HTML5.ActiveCfg = HTML5_Development_Editor|Win32
		{563BD531-9438-47FA-8B03-F3979173AE43}.Development Editor|Win32.ActiveCfg = Development_Editor|Win32
		{563BD531-9438-47FA-8B03-F3979173AE43}.Development Editor|Win64.ActiveCfg = Development_Editor|x64
		{563BD531-9438-47FA-8B03-F3979173AE43}.Development Editor|Win64.Build.0 = Development_Editor|x64
		{563BD531-9438-47FA-8B03-F3979173AE43}.Development|HTML5.ActiveCfg = HTML5_Development_Game|Win32
		{563BD531-9438-47FA-8B03-F3979173AE43}.Development|HTML5.Build.0 = HTML5_Development_Game|Win32
		{563BD531-9438-47FA-8B03-F3979173AE43}.Development|Win32.ActiveCfg = Development_Game|Win32
		{563BD531-9438-47FA-8B03-F3979173AE43}.Development|Win32.Build.0 = Development_Game|Win32
		{563BD531-9438-47FA-8B03-F3979173AE43}.Development|Win64.ActiveCfg = Development_Game|x64
		{563BD531-9438-47FA-8B03-F3979173AE43}.Development|Win64.Build.0 = Development_Game|x64
		{563BD531-9438-47FA-8B03-F3979173AE43}.Shipping|HTML5.ActiveCfg = HTML5_Shipping_Game|Win32
		{563BD531-9438-47FA-8B03-F3979173AE43}.Shipping|HTML5.Build.0 = HTML5_Shipping_Game|Win32
		{563BD531-9438-47FA-8B03-F3979173AE43}.Shipping|Win32.ActiveCfg = Shipping_Game|Win32
		{563BD531-9438-47FA-8B03-F3979173AE43}.Shipping|Win32.Build.0 = Shipping_Game|Win32
		{563BD531-9438-47FA-8B03-F3979173AE43}.Shipping|Win64.ActiveCfg = Shipping_Game|x64
		{563BD531-9438-47FA-8B03-F3979173AE43}.Shipping|Win64.Build.0 = Shipping_Game|x64
	EndGlobalSection
	GlobalSection(SolutionProperties) = preSolution
		HideSolutionNode = FALSE
	EndGlobalSection
	GlobalSection(NestedProjects) = preSolution
		{0491AF80-A1B5-42B9-BA68-B8730F739ACE} = {A9E7DCF6-26A1-4081-AA64-703779D065C2}
		{563BD531-9438-47FA-8B03-F3979173AE43} = {C0769960-CF59-4EF2-B190-62EDC2F13D84}
	EndGlobalSection
	GlobalSection(ExtensibilityGlobals) = postSolution
		SolutionGuid = {7C48D6CC-DD6B-441A-9E7B-2C2B2F1C38AC}
	EndGlobalSection
EndGlobal
